
Microsoft Visual Studio Solution File, Format Version 12.00
# Visual Studio Version 16
VisualStudioVersion = 16.0.31624.102
MinimumVisualStudioVersion = 10.0.40219.1
Project("{FAE04EC0-301F-11D3-BF4B-00C04F79EFBC}") = "ProvaWeek2", "ProvaWeek2\ProvaWeek2.csproj", "{6A716ECB-940D-4B7C-83FC-B89DEE1134CF}"
EndProject
Global
	GlobalSection(SolutionConfigurationPlatforms) = preSolution
		Debug|Any CPU = Debug|Any CPU
		Release|Any CPU = Release|Any CPU
	EndGlobalSection
	GlobalSection(ProjectConfigurationPlatforms) = postSolution
		{6A716ECB-940D-4B7C-83FC-B89DEE1134CF}.Debug|Any CPU.ActiveCfg = Debug|Any CPU
		{6A716ECB-940D-4B7C-83FC-B89DEE1134CF}.Debug|Any CPU.Build.0 = Debug|Any CPU
		{6A716ECB-940D-4B7C-83FC-B89DEE1134CF}.Release|Any CPU.ActiveCfg = Release|Any CPU
		{6A716ECB-940D-4B7C-83FC-B89DEE1134CF}.Release|Any CPU.Build.0 = Release|Any CPU
	EndGlobalSection
	GlobalSection(SolutionProperties) = preSolution
		HideSolutionNode = FALSE
	EndGlobalSection
	GlobalSection(ExtensibilityGlobals) = postSolution
		SolutionGuid = {550DD849-CD93-4340-8A86-2E68F2D77638}
	EndGlobalSection
EndGlobal
